
Microsoft Visual Studio Solution File, Format Version 12.00
# Visual Studio Version 17
VisualStudioVersion = 17.12.35521.163
MinimumVisualStudioVersion = 10.0.40219.1
Project("{2150E333-8FDC-42A3-9474-1A3956D46DE8}") = "Solutions Items", "Solutions Items", "{C6826A5C-6DCF-44CD-A765-1B5F47EFF9D7}"
	ProjectSection(SolutionItems) = preProject
		.editorconfig = .editorconfig
		Directory.Build.props = Directory.Build.props
	EndProjectSection
EndProject
Project("{2150E333-8FDC-42A3-9474-1A3956D46DE8}") = "src", "src", "{8EBD16E2-205D-4E8F-8945-C788E9308943}"
EndProject
Project("{2150E333-8FDC-42A3-9474-1A3956D46DE8}") = "API", "API", "{B79F3FFB-9B1C-46E5-A6AE-2CF935D8941B}"
EndProject
Project("{2150E333-8FDC-42A3-9474-1A3956D46DE8}") = "Common", "Common", "{E496711D-D8E1-40FE-BE31-9B4AE05A5353}"
EndProject
Project("{2150E333-8FDC-42A3-9474-1A3956D46DE8}") = "Modules", "Modules", "{A795450A-C0A8-4813-9DE9-49C516C7DC5D}"
EndProject
Project("{FAE04EC0-301F-11D3-BF4B-00C04F79EFBC}") = "Bookmaster.Api", "src\API\Bookmaster.Api\Bookmaster.Api.csproj", "{2C9758CD-AE31-483B-8624-89CB2F5DB9F1}"
EndProject
Project("{FAE04EC0-301F-11D3-BF4B-00C04F79EFBC}") = "Bookmaster.Common.Domain", "src\Common\Bookmaster.Common.Domain\Bookmaster.Common.Domain.csproj", "{88D6F939-68D1-4DEC-8E7C-B034B941179F}"
EndProject
Project("{2150E333-8FDC-42A3-9474-1A3956D46DE8}") = "Books", "Books", "{F00831B3-95F2-4855-A73F-9CC52E1015B2}"
EndProject
Project("{2150E333-8FDC-42A3-9474-1A3956D46DE8}") = "Users", "Users", "{7CBDA7D0-7822-422A-AF04-B67D7FE41EAC}"
EndProject
Project("{FAE04EC0-301F-11D3-BF4B-00C04F79EFBC}") = "Bookmaster.Common.Infrastructure", "src\Common\Bookmaster.Common.Infrastructure\Bookmaster.Common.Infrastructure.csproj", "{08CFF0B3-7BB4-44DF-BF6D-48BD86058AE7}"
EndProject
Project("{FAE04EC0-301F-11D3-BF4B-00C04F79EFBC}") = "Bookmaster.Common.Presentation", "src\Common\Bookmaster.Common.Presentation\Bookmaster.Common.Presentation.csproj", "{2B0431D0-DCB6-4003-BB50-65CDD12BC693}"
EndProject
Project("{FAE04EC0-301F-11D3-BF4B-00C04F79EFBC}") = "Bookmaster.Modules.Books.Domain", "src\Modules\Books\Bookmaster.Modules.Books.Domain\Bookmaster.Modules.Books.Domain.csproj", "{7069F4CE-5121-419B-A18A-E62F7B2E8237}"
EndProject
Project("{FAE04EC0-301F-11D3-BF4B-00C04F79EFBC}") = "Bookmaster.Modules.Books.Infrastructure", "src\Modules\Books\Bookmaster.Modules.Books.Infrastructure\Bookmaster.Modules.Books.Infrastructure.csproj", "{47E96DBE-A88A-4FD2-BF46-32AAD54577AF}"
EndProject
Project("{FAE04EC0-301F-11D3-BF4B-00C04F79EFBC}") = "Bookmaster.Modules.Books.Presentation", "src\Modules\Books\Bookmaster.Modules.Books.Presentation\Bookmaster.Modules.Books.Presentation.csproj", "{A78AE702-CC60-435D-9D56-7197DF6B40AB}"
EndProject
Project("{E53339B2-1760-4266-BCC7-CA923CBCF16C}") = "docker-compose", "docker-compose.dcproj", "{81DDED9D-158B-E303-5F62-77A2896D2A5A}"
EndProject
Project("{FAE04EC0-301F-11D3-BF4B-00C04F79EFBC}") = "Bookmaster.Modules.Books.Features", "src\Modules\Books\Bookmaster.Modules.Books.Features\Bookmaster.Modules.Books.Features.csproj", "{9365857D-EBEA-E052-D0BF-4B0D496F8CCD}"
EndProject
Project("{FAE04EC0-301F-11D3-BF4B-00C04F79EFBC}") = "Bookmaster.Common.Features", "src\Common\Bookmaster.Common.Features\Bookmaster.Common.Features.csproj", "{32D00E3C-975B-C845-CD0C-CDAE989E8620}"
EndProject
Project("{FAE04EC0-301F-11D3-BF4B-00C04F79EFBC}") = "Bookmaster.Modules.Users.Domain", "src\Modules\Users\Bookmaster.Modules.Users.Domain\Bookmaster.Modules.Users.Domain.csproj", "{8F78A503-DEA5-45AB-8237-9E92210D7013}"
EndProject
Project("{FAE04EC0-301F-11D3-BF4B-00C04F79EFBC}") = "Bookmaster.Modules.Users.Features", "src\Modules\Users\Bookmaster.Modules.Users.Features\Bookmaster.Modules.Users.Features.csproj", "{1902F848-A82E-406B-84B6-61D2FDB5300A}"
EndProject
Project("{FAE04EC0-301F-11D3-BF4B-00C04F79EFBC}") = "Bookmaster.Modules.Users.Infrastructure", "src\Modules\Users\Bookmaster.Modules.Users.Infrastructure\Bookmaster.Modules.Users.Infrastructure.csproj", "{E978F075-5F9B-492C-A9E8-B667DAC3328C}"
EndProject
Project("{FAE04EC0-301F-11D3-BF4B-00C04F79EFBC}") = "Bookmaster.Modules.Users.Presentation", "src\Modules\Users\Bookmaster.Modules.Users.Presentation\Bookmaster.Modules.Users.Presentation.csproj", "{19FD8173-8C3F-4F6D-ACA8-6FC6398B9FC3}"
EndProject
Project("{FAE04EC0-301F-11D3-BF4B-00C04F79EFBC}") = "Bookmaster.Modules.Users.IntegrationEvents", "src\Modules\Users\Bookmaster.Modules.Users.IntegrationEvents\Bookmaster.Modules.Users.IntegrationEvents.csproj", "{0D73C8CD-7D17-4017-B18B-B00E87C8E50A}"
EndProject
Global
	GlobalSection(SolutionConfigurationPlatforms) = preSolution
		Debug|Any CPU = Debug|Any CPU
		Release|Any CPU = Release|Any CPU
	EndGlobalSection
	GlobalSection(ProjectConfigurationPlatforms) = postSolution
		{2C9758CD-AE31-483B-8624-89CB2F5DB9F1}.Debug|Any CPU.ActiveCfg = Debug|Any CPU
		{2C9758CD-AE31-483B-8624-89CB2F5DB9F1}.Debug|Any CPU.Build.0 = Debug|Any CPU
		{2C9758CD-AE31-483B-8624-89CB2F5DB9F1}.Release|Any CPU.ActiveCfg = Release|Any CPU
		{2C9758CD-AE31-483B-8624-89CB2F5DB9F1}.Release|Any CPU.Build.0 = Release|Any CPU
		{88D6F939-68D1-4DEC-8E7C-B034B941179F}.Debug|Any CPU.ActiveCfg = Debug|Any CPU
		{88D6F939-68D1-4DEC-8E7C-B034B941179F}.Debug|Any CPU.Build.0 = Debug|Any CPU
		{88D6F939-68D1-4DEC-8E7C-B034B941179F}.Release|Any CPU.ActiveCfg = Release|Any CPU
		{88D6F939-68D1-4DEC-8E7C-B034B941179F}.Release|Any CPU.Build.0 = Release|Any CPU
		{08CFF0B3-7BB4-44DF-BF6D-48BD86058AE7}.Debug|Any CPU.ActiveCfg = Debug|Any CPU
		{08CFF0B3-7BB4-44DF-BF6D-48BD86058AE7}.Debug|Any CPU.Build.0 = Debug|Any CPU
		{08CFF0B3-7BB4-44DF-BF6D-48BD86058AE7}.Release|Any CPU.ActiveCfg = Release|Any CPU
		{08CFF0B3-7BB4-44DF-BF6D-48BD86058AE7}.Release|Any CPU.Build.0 = Release|Any CPU
		{2B0431D0-DCB6-4003-BB50-65CDD12BC693}.Debug|Any CPU.ActiveCfg = Debug|Any CPU
		{2B0431D0-DCB6-4003-BB50-65CDD12BC693}.Debug|Any CPU.Build.0 = Debug|Any CPU
		{2B0431D0-DCB6-4003-BB50-65CDD12BC693}.Release|Any CPU.ActiveCfg = Release|Any CPU
		{2B0431D0-DCB6-4003-BB50-65CDD12BC693}.Release|Any CPU.Build.0 = Release|Any CPU
		{7069F4CE-5121-419B-A18A-E62F7B2E8237}.Debug|Any CPU.ActiveCfg = Debug|Any CPU
		{7069F4CE-5121-419B-A18A-E62F7B2E8237}.Debug|Any CPU.Build.0 = Debug|Any CPU
		{7069F4CE-5121-419B-A18A-E62F7B2E8237}.Release|Any CPU.ActiveCfg = Release|Any CPU
		{7069F4CE-5121-419B-A18A-E62F7B2E8237}.Release|Any CPU.Build.0 = Release|Any CPU
		{47E96DBE-A88A-4FD2-BF46-32AAD54577AF}.Debug|Any CPU.ActiveCfg = Debug|Any CPU
		{47E96DBE-A88A-4FD2-BF46-32AAD54577AF}.Debug|Any CPU.Build.0 = Debug|Any CPU
		{47E96DBE-A88A-4FD2-BF46-32AAD54577AF}.Release|Any CPU.ActiveCfg = Release|Any CPU
		{47E96DBE-A88A-4FD2-BF46-32AAD54577AF}.Release|Any CPU.Build.0 = Release|Any CPU
		{A78AE702-CC60-435D-9D56-7197DF6B40AB}.Debug|Any CPU.ActiveCfg = Debug|Any CPU
		{A78AE702-CC60-435D-9D56-7197DF6B40AB}.Debug|Any CPU.Build.0 = Debug|Any CPU
		{A78AE702-CC60-435D-9D56-7197DF6B40AB}.Release|Any CPU.ActiveCfg = Release|Any CPU
		{A78AE702-CC60-435D-9D56-7197DF6B40AB}.Release|Any CPU.Build.0 = Release|Any CPU
		{81DDED9D-158B-E303-5F62-77A2896D2A5A}.Debug|Any CPU.ActiveCfg = Debug|Any CPU
		{81DDED9D-158B-E303-5F62-77A2896D2A5A}.Debug|Any CPU.Build.0 = Debug|Any CPU
		{81DDED9D-158B-E303-5F62-77A2896D2A5A}.Release|Any CPU.ActiveCfg = Release|Any CPU
		{81DDED9D-158B-E303-5F62-77A2896D2A5A}.Release|Any CPU.Build.0 = Release|Any CPU
		{9365857D-EBEA-E052-D0BF-4B0D496F8CCD}.Debug|Any CPU.ActiveCfg = Debug|Any CPU
		{9365857D-EBEA-E052-D0BF-4B0D496F8CCD}.Debug|Any CPU.Build.0 = Debug|Any CPU
		{9365857D-EBEA-E052-D0BF-4B0D496F8CCD}.Release|Any CPU.ActiveCfg = Release|Any CPU
		{9365857D-EBEA-E052-D0BF-4B0D496F8CCD}.Release|Any CPU.Build.0 = Release|Any CPU
		{32D00E3C-975B-C845-CD0C-CDAE989E8620}.Debug|Any CPU.ActiveCfg = Debug|Any CPU
		{32D00E3C-975B-C845-CD0C-CDAE989E8620}.Debug|Any CPU.Build.0 = Debug|Any CPU
		{32D00E3C-975B-C845-CD0C-CDAE989E8620}.Release|Any CPU.ActiveCfg = Release|Any CPU
		{32D00E3C-975B-C845-CD0C-CDAE989E8620}.Release|Any CPU.Build.0 = Release|Any CPU
		{8F78A503-DEA5-45AB-8237-9E92210D7013}.Debug|Any CPU.ActiveCfg = Debug|Any CPU
		{8F78A503-DEA5-45AB-8237-9E92210D7013}.Debug|Any CPU.Build.0 = Debug|Any CPU
		{8F78A503-DEA5-45AB-8237-9E92210D7013}.Release|Any CPU.ActiveCfg = Release|Any CPU
		{8F78A503-DEA5-45AB-8237-9E92210D7013}.Release|Any CPU.Build.0 = Release|Any CPU
		{1902F848-A82E-406B-84B6-61D2FDB5300A}.Debug|Any CPU.ActiveCfg = Debug|Any CPU
		{1902F848-A82E-406B-84B6-61D2FDB5300A}.Debug|Any CPU.Build.0 = Debug|Any CPU
		{1902F848-A82E-406B-84B6-61D2FDB5300A}.Release|Any CPU.ActiveCfg = Release|Any CPU
		{1902F848-A82E-406B-84B6-61D2FDB5300A}.Release|Any CPU.Build.0 = Release|Any CPU
		{E978F075-5F9B-492C-A9E8-B667DAC3328C}.Debug|Any CPU.ActiveCfg = Debug|Any CPU
		{E978F075-5F9B-492C-A9E8-B667DAC3328C}.Debug|Any CPU.Build.0 = Debug|Any CPU
		{E978F075-5F9B-492C-A9E8-B667DAC3328C}.Release|Any CPU.ActiveCfg = Release|Any CPU
		{E978F075-5F9B-492C-A9E8-B667DAC3328C}.Release|Any CPU.Build.0 = Release|Any CPU
		{19FD8173-8C3F-4F6D-ACA8-6FC6398B9FC3}.Debug|Any CPU.ActiveCfg = Debug|Any CPU
		{19FD8173-8C3F-4F6D-ACA8-6FC6398B9FC3}.Debug|Any CPU.Build.0 = Debug|Any CPU
		{19FD8173-8C3F-4F6D-ACA8-6FC6398B9FC3}.Release|Any CPU.ActiveCfg = Release|Any CPU
		{19FD8173-8C3F-4F6D-ACA8-6FC6398B9FC3}.Release|Any CPU.Build.0 = Release|Any CPU
		{0D73C8CD-7D17-4017-B18B-B00E87C8E50A}.Debug|Any CPU.ActiveCfg = Debug|Any CPU
		{0D73C8CD-7D17-4017-B18B-B00E87C8E50A}.Debug|Any CPU.Build.0 = Debug|Any CPU
		{0D73C8CD-7D17-4017-B18B-B00E87C8E50A}.Release|Any CPU.ActiveCfg = Release|Any CPU
		{0D73C8CD-7D17-4017-B18B-B00E87C8E50A}.Release|Any CPU.Build.0 = Release|Any CPU
	EndGlobalSection
	GlobalSection(SolutionProperties) = preSolution
		HideSolutionNode = FALSE
	EndGlobalSection
	GlobalSection(NestedProjects) = preSolution
		{B79F3FFB-9B1C-46E5-A6AE-2CF935D8941B} = {8EBD16E2-205D-4E8F-8945-C788E9308943}
		{E496711D-D8E1-40FE-BE31-9B4AE05A5353} = {8EBD16E2-205D-4E8F-8945-C788E9308943}
		{A795450A-C0A8-4813-9DE9-49C516C7DC5D} = {8EBD16E2-205D-4E8F-8945-C788E9308943}
		{2C9758CD-AE31-483B-8624-89CB2F5DB9F1} = {B79F3FFB-9B1C-46E5-A6AE-2CF935D8941B}
		{88D6F939-68D1-4DEC-8E7C-B034B941179F} = {E496711D-D8E1-40FE-BE31-9B4AE05A5353}
		{F00831B3-95F2-4855-A73F-9CC52E1015B2} = {A795450A-C0A8-4813-9DE9-49C516C7DC5D}
		{7CBDA7D0-7822-422A-AF04-B67D7FE41EAC} = {A795450A-C0A8-4813-9DE9-49C516C7DC5D}
		{08CFF0B3-7BB4-44DF-BF6D-48BD86058AE7} = {E496711D-D8E1-40FE-BE31-9B4AE05A5353}
		{2B0431D0-DCB6-4003-BB50-65CDD12BC693} = {E496711D-D8E1-40FE-BE31-9B4AE05A5353}
		{7069F4CE-5121-419B-A18A-E62F7B2E8237} = {F00831B3-95F2-4855-A73F-9CC52E1015B2}
		{47E96DBE-A88A-4FD2-BF46-32AAD54577AF} = {F00831B3-95F2-4855-A73F-9CC52E1015B2}
		{A78AE702-CC60-435D-9D56-7197DF6B40AB} = {F00831B3-95F2-4855-A73F-9CC52E1015B2}
		{9365857D-EBEA-E052-D0BF-4B0D496F8CCD} = {F00831B3-95F2-4855-A73F-9CC52E1015B2}
		{32D00E3C-975B-C845-CD0C-CDAE989E8620} = {E496711D-D8E1-40FE-BE31-9B4AE05A5353}
		{8F78A503-DEA5-45AB-8237-9E92210D7013} = {7CBDA7D0-7822-422A-AF04-B67D7FE41EAC}
		{1902F848-A82E-406B-84B6-61D2FDB5300A} = {7CBDA7D0-7822-422A-AF04-B67D7FE41EAC}
		{E978F075-5F9B-492C-A9E8-B667DAC3328C} = {7CBDA7D0-7822-422A-AF04-B67D7FE41EAC}
		{19FD8173-8C3F-4F6D-ACA8-6FC6398B9FC3} = {7CBDA7D0-7822-422A-AF04-B67D7FE41EAC}
		{0D73C8CD-7D17-4017-B18B-B00E87C8E50A} = {7CBDA7D0-7822-422A-AF04-B67D7FE41EAC}
	EndGlobalSection
	GlobalSection(ExtensibilityGlobals) = postSolution
		SolutionGuid = {665E6C96-8A08-4809-8CDA-76F7B77AE350}
	EndGlobalSection
EndGlobal
